
Microsoft Visual Studio Solution File, Format Version 12.00
# Visual Studio Version 17
VisualStudioVersion = 17.3.32929.385
MinimumVisualStudioVersion = 10.0.40219.1
Project("{8BC9CEB8-8B4A-11D0-8D11-00A0C91BC942}") = "实验四：综合程序设计", "实验四：综合程序设计.vcxproj", "{DF8A0A53-F5D8-4CAA-AF14-00C6442716D7}"
EndProject
Global
	GlobalSection(SolutionConfigurationPlatforms) = preSolution
		Debug|x64 = Debug|x64
		Debug|x86 = Debug|x86
		Release|x64 = Release|x64
		Release|x86 = Release|x86
	EndGlobalSection
	GlobalSection(ProjectConfigurationPlatforms) = postSolution
		{DF8A0A53-F5D8-4CAA-AF14-00C6442716D7}.Debug|x64.ActiveCfg = Debug|x64
		{DF8A0A53-F5D8-4CAA-AF14-00C6442716D7}.Debug|x64.Build.0 = Debug|x64
		{DF8A0A53-F5D8-4CAA-AF14-00C6442716D7}.Debug|x86.ActiveCfg = Debug|Win32
		{DF8A0A53-F5D8-4CAA-AF14-00C6442716D7}.Debug|x86.Build.0 = Debug|Win32
		{DF8A0A53-F5D8-4CAA-AF14-00C6442716D7}.Release|x64.ActiveCfg = Release|x64
		{DF8A0A53-F5D8-4CAA-AF14-00C6442716D7}.Release|x64.Build.0 = Release|x64
		{DF8A0A53-F5D8-4CAA-AF14-00C6442716D7}.Release|x86.ActiveCfg = Release|Win32
		{DF8A0A53-F5D8-4CAA-AF14-00C6442716D7}.Release|x86.Build.0 = Release|Win32
	EndGlobalSection
	GlobalSection(SolutionProperties) = preSolution
		HideSolutionNode = FALSE
	EndGlobalSection
	GlobalSection(ExtensibilityGlobals) = postSolution
		SolutionGuid = {FC5C6DD8-4ADB-4594-B4D6-AA1CE1E1A588}
	EndGlobalSection
EndGlobal
